
Microsoft Visual Studio Solution File, Format Version 12.00
# Visual Studio 15
VisualStudioVersion = 15.0.27130.2026
MinimumVisualStudioVersion = 10.0.40219.1
Project("{888888A0-9F3D-457C-B088-3A5042F75D52}") = "URL-Fuzzer", "URL-Fuzzer.pyproj", "{38EE346E-322F-4DC0-9A27-86D2806651E8}"
EndProject
Project("{888888A0-9F3D-457C-B088-3A5042F75D52}") = "SimpleWebscan", "..\SimpleWebscan\SimpleWebscan\SimpleWebscan.pyproj", "{451F73AF-D897-4FF4-A8A6-CD0DA807DA3B}"
EndProject
Global
	GlobalSection(SolutionConfigurationPlatforms) = preSolution
		Debug|Any CPU = Debug|Any CPU
		Release|Any CPU = Release|Any CPU
	EndGlobalSection
	GlobalSection(ProjectConfigurationPlatforms) = postSolution
		{38EE346E-322F-4DC0-9A27-86D2806651E8}.Debug|Any CPU.ActiveCfg = Debug|Any CPU
		{38EE346E-322F-4DC0-9A27-86D2806651E8}.Release|Any CPU.ActiveCfg = Release|Any CPU
		{451F73AF-D897-4FF4-A8A6-CD0DA807DA3B}.Debug|Any CPU.ActiveCfg = Debug|Any CPU
		{451F73AF-D897-4FF4-A8A6-CD0DA807DA3B}.Release|Any CPU.ActiveCfg = Release|Any CPU
	EndGlobalSection
	GlobalSection(SolutionProperties) = preSolution
		HideSolutionNode = FALSE
	EndGlobalSection
	GlobalSection(ExtensibilityGlobals) = postSolution
		SolutionGuid = {D3268EFE-15AB-4C6A-8393-C76DE216D12C}
	EndGlobalSection
EndGlobal
